
Microsoft Visual Studio Solution File, Format Version 12.00
# Visual Studio Version 17
VisualStudioVersion = 17.10.34928.147
MinimumVisualStudioVersion = 10.0.40219.1
Project("{FAE04EC0-301F-11D3-BF4B-00C04F79EFBC}") = "JaratKezeloProject", "JaratKezeloProject\JaratKezeloProject.csproj", "{C9C50CFE-D83F-42D8-B7C4-7C008954835C}"
EndProject
Project("{FAE04EC0-301F-11D3-BF4B-00C04F79EFBC}") = "TestJaratKezeloProject", "TestJaratKezeloProject\TestJaratKezeloProject.csproj", "{DE9FDEE5-7D12-4547-94D7-663A82F2345F}"
	ProjectSection(ProjectDependencies) = postProject
		{C9C50CFE-D83F-42D8-B7C4-7C008954835C} = {C9C50CFE-D83F-42D8-B7C4-7C008954835C}
	EndProjectSection
EndProject
Global
	GlobalSection(SolutionConfigurationPlatforms) = preSolution
		Debug|Any CPU = Debug|Any CPU
		Release|Any CPU = Release|Any CPU
	EndGlobalSection
	GlobalSection(ProjectConfigurationPlatforms) = postSolution
		{C9C50CFE-D83F-42D8-B7C4-7C008954835C}.Debug|Any CPU.ActiveCfg = Debug|Any CPU
		{C9C50CFE-D83F-42D8-B7C4-7C008954835C}.Debug|Any CPU.Build.0 = Debug|Any CPU
		{C9C50CFE-D83F-42D8-B7C4-7C008954835C}.Release|Any CPU.ActiveCfg = Release|Any CPU
		{C9C50CFE-D83F-42D8-B7C4-7C008954835C}.Release|Any CPU.Build.0 = Release|Any CPU
		{DE9FDEE5-7D12-4547-94D7-663A82F2345F}.Debug|Any CPU.ActiveCfg = Debug|Any CPU
		{DE9FDEE5-7D12-4547-94D7-663A82F2345F}.Debug|Any CPU.Build.0 = Debug|Any CPU
		{DE9FDEE5-7D12-4547-94D7-663A82F2345F}.Release|Any CPU.ActiveCfg = Release|Any CPU
		{DE9FDEE5-7D12-4547-94D7-663A82F2345F}.Release|Any CPU.Build.0 = Release|Any CPU
	EndGlobalSection
	GlobalSection(SolutionProperties) = preSolution
		HideSolutionNode = FALSE
	EndGlobalSection
	GlobalSection(ExtensibilityGlobals) = postSolution
		SolutionGuid = {EA2D5F34-7F66-49B4-A03A-A4365B1764AB}
	EndGlobalSection
EndGlobal
